// !$*UTF8*$!
{
	archiveVersion = 1;
	classes = {
	};
	objectVersion = 48;
	objects = {

/* Begin PBXBuildFile section */
		C004E1B72035FCB500EF4F67 /* Info.plist in Resources */ = {isa = PBXBuildFile; fileRef = C004E1B62035FCB500EF4F67 /* Info.plist */; };
		C031434F203A2D9500FF7400 /* NotificationCenter.framework in Frameworks */ = {isa = PBXBuildFile; fileRef = C031434E203A2D9500FF7400 /* NotificationCenter.framework */; };
		C0314352203A2D9500FF7400 /* TodayViewController.swift in Sources */ = {isa = PBXBuildFile; fileRef = C0314351203A2D9500FF7400 /* TodayViewController.swift */; };
		C0314355203A2D9500FF7400 /* MainInterface.storyboard in Resources */ = {isa = PBXBuildFile; fileRef = C0314353203A2D9500FF7400 /* MainInterface.storyboard */; };
		C0314359203A2D9500FF7400 /* InhalerTrackerExtension.appex in Embed App Extensions */ = {isa = PBXBuildFile; fileRef = C031434D203A2D9500FF7400 /* InhalerTrackerExtension.appex */; settings = {ATTRIBUTES = (RemoveHeadersOnCopy, ); }; };
		C053AAA1204070DE00BF7482 /* failure.png in Resources */ = {isa = PBXBuildFile; fileRef = C053AA9F204070DE00BF7482 /* failure.png */; };
		C053AAA2204070DE00BF7482 /* success.png in Resources */ = {isa = PBXBuildFile; fileRef = C053AAA0204070DE00BF7482 /* success.png */; };
		C054714A20315345006C32AE /* infoVC.swift in Sources */ = {isa = PBXBuildFile; fileRef = C054714920315345006C32AE /* infoVC.swift */; };
		C069FA1A203D1A490057F447 /* HealthKitSetupAssistant.swift in Sources */ = {isa = PBXBuildFile; fileRef = C069FA19203D1A490057F447 /* HealthKitSetupAssistant.swift */; };
		C0717D5E2034F69800D79705 /* success.png in Resources */ = {isa = PBXBuildFile; fileRef = C0717D5C2034F69800D79705 /* success.png */; };
		C0717D5F2034F69800D79705 /* failure.png in Resources */ = {isa = PBXBuildFile; fileRef = C0717D5D2034F69800D79705 /* failure.png */; };
		C0747ED72026B01A000C69E3 /* AppDelegate.swift in Sources */ = {isa = PBXBuildFile; fileRef = C0747ED62026B01A000C69E3 /* AppDelegate.swift */; };
		C0747ED92026B01A000C69E3 /* ViewController.swift in Sources */ = {isa = PBXBuildFile; fileRef = C0747ED82026B01A000C69E3 /* ViewController.swift */; };
		C0747EDC2026B01A000C69E3 /* Main.storyboard in Resources */ = {isa = PBXBuildFile; fileRef = C0747EDA2026B01A000C69E3 /* Main.storyboard */; };
		C0747EDE2026B01A000C69E3 /* Assets.xcassets in Resources */ = {isa = PBXBuildFile; fileRef = C0747EDD2026B01A000C69E3 /* Assets.xcassets */; };
		C0747EE12026B01A000C69E3 /* LaunchScreen.storyboard in Resources */ = {isa = PBXBuildFile; fileRef = C0747EDF2026B01A000C69E3 /* LaunchScreen.storyboard */; };
		C0747EE92026B035000C69E3 /* HealthKitSetupAssistant.swift in Sources */ = {isa = PBXBuildFile; fileRef = C0747EE82026B035000C69E3 /* HealthKitSetupAssistant.swift */; };
		C0747EEC202781FA000C69E3 /* HealthKit.framework in Frameworks */ = {isa = PBXBuildFile; fileRef = C0747EEB202781FA000C69E3 /* HealthKit.framework */; };
		C0BFBA8B2027C14800CD8E42 /* ScreenShot.png in Resources */ = {isa = PBXBuildFile; fileRef = C0BFBA8A2027C14800CD8E42 /* ScreenShot.png */; };
/* End PBXBuildFile section */

/* Begin PBXContainerItemProxy section */
		C0314357203A2D9500FF7400 /* PBXContainerItemProxy */ = {
			isa = PBXContainerItemProxy;
			containerPortal = C0747ECB2026B01A000C69E3 /* Project object */;
			proxyType = 1;
			remoteGlobalIDString = C031434C203A2D9500FF7400;
			remoteInfo = InhalerTrackerExtension;
		};
/* End PBXContainerItemProxy section */

/* Begin PBXCopyFilesBuildPhase section */
		C031435D203A2D9500FF7400 /* Embed App Extensions */ = {
			isa = PBXCopyFilesBuildPhase;
			buildActionMask = 2147483647;
			dstPath = "";
			dstSubfolderSpec = 13;
			files = (
				C0314359203A2D9500FF7400 /* InhalerTrackerExtension.appex in Embed App Extensions */,
			);
			name = "Embed App Extensions";
			runOnlyForDeploymentPostprocessing = 0;
		};
/* End PBXCopyFilesBuildPhase section */

/* Begin PBXFileReference section */
		C004E1B22035F66000EF4F67 /* Base */ = {isa = PBXFileReference; lastKnownFileType = text.plist.xml; name = Base; path = Base.lproj/Info.plist; sourceTree = "<group>"; };
		C004E1B62035FCB500EF4F67 /* Info.plist */ = {isa = PBXFileReference; fileEncoding = 4; lastKnownFileType = text.plist.xml; path = Info.plist; sourceTree = "<group>"; };
		C031434D203A2D9500FF7400 /* InhalerTrackerExtension.appex */ = {isa = PBXFileReference; explicitFileType = "wrapper.app-extension"; includeInIndex = 0; path = InhalerTrackerExtension.appex; sourceTree = BUILT_PRODUCTS_DIR; };
		C031434E203A2D9500FF7400 /* NotificationCenter.framework */ = {isa = PBXFileReference; lastKnownFileType = wrapper.framework; name = NotificationCenter.framework; path = System/Library/Frameworks/NotificationCenter.framework; sourceTree = SDKROOT; };
		C0314351203A2D9500FF7400 /* TodayViewController.swift */ = {isa = PBXFileReference; lastKnownFileType = sourcecode.swift; path = TodayViewController.swift; sourceTree = "<group>"; };
		C0314354203A2D9500FF7400 /* Base */ = {isa = PBXFileReference; lastKnownFileType = file.storyboard; name = Base; path = Base.lproj/MainInterface.storyboard; sourceTree = "<group>"; };
		C0314356203A2D9500FF7400 /* Info.plist */ = {isa = PBXFileReference; lastKnownFileType = text.plist.xml; path = Info.plist; sourceTree = "<group>"; };
		C053AA9F204070DE00BF7482 /* failure.png */ = {isa = PBXFileReference; lastKnownFileType = image.png; path = failure.png; sourceTree = "<group>"; };
		C053AAA0204070DE00BF7482 /* success.png */ = {isa = PBXFileReference; lastKnownFileType = image.png; path = success.png; sourceTree = "<group>"; };
		C054714920315345006C32AE /* infoVC.swift */ = {isa = PBXFileReference; lastKnownFileType = sourcecode.swift; path = infoVC.swift; sourceTree = "<group>"; };
		C069FA19203D1A490057F447 /* HealthKitSetupAssistant.swift */ = {isa = PBXFileReference; lastKnownFileType = sourcecode.swift; path = HealthKitSetupAssistant.swift; sourceTree = "<group>"; };
		C0717D5C2034F69800D79705 /* success.png */ = {isa = PBXFileReference; lastKnownFileType = image.png; path = success.png; sourceTree = "<group>"; };
		C0717D5D2034F69800D79705 /* failure.png */ = {isa = PBXFileReference; lastKnownFileType = image.png; path = failure.png; sourceTree = "<group>"; };
		C0747ED32026B01A000C69E3 /* Inhaler Tracker.app */ = {isa = PBXFileReference; explicitFileType = wrapper.application; includeInIndex = 0; path = "Inhaler Tracker.app"; sourceTree = BUILT_PRODUCTS_DIR; };
		C0747ED62026B01A000C69E3 /* AppDelegate.swift */ = {isa = PBXFileReference; lastKnownFileType = sourcecode.swift; path = AppDelegate.swift; sourceTree = "<group>"; };
		C0747ED82026B01A000C69E3 /* ViewController.swift */ = {isa = PBXFileReference; lastKnownFileType = sourcecode.swift; path = ViewController.swift; sourceTree = "<group>"; };
		C0747EDB2026B01A000C69E3 /* Base */ = {isa = PBXFileReference; lastKnownFileType = file.storyboard; name = Base; path = Base.lproj/Main.storyboard; sourceTree = "<group>"; };
		C0747EDD2026B01A000C69E3 /* Assets.xcassets */ = {isa = PBXFileReference; lastKnownFileType = folder.assetcatalog; path = Assets.xcassets; sourceTree = "<group>"; };
		C0747EE02026B01A000C69E3 /* Base */ = {isa = PBXFileReference; lastKnownFileType = file.storyboard; name = Base; path = Base.lproj/LaunchScreen.storyboard; sourceTree = "<group>"; };
		C0747EE82026B035000C69E3 /* HealthKitSetupAssistant.swift */ = {isa = PBXFileReference; lastKnownFileType = sourcecode.swift; path = HealthKitSetupAssistant.swift; sourceTree = "<group>"; };
		C0747EEB202781FA000C69E3 /* HealthKit.framework */ = {isa = PBXFileReference; lastKnownFileType = wrapper.framework; name = HealthKit.framework; path = System/Library/Frameworks/HealthKit.framework; sourceTree = SDKROOT; };
		C0747EED202781FB000C69E3 /* InhalerTracker.entitlements */ = {isa = PBXFileReference; lastKnownFileType = text.plist.entitlements; path = InhalerTracker.entitlements; sourceTree = "<group>"; };
		C0BFBA892027BC3700CD8E42 /* README.md */ = {isa = PBXFileReference; lastKnownFileType = net.daringfireball.markdown; path = README.md; sourceTree = "<group>"; };
		C0BFBA8A2027C14800CD8E42 /* ScreenShot.png */ = {isa = PBXFileReference; lastKnownFileType = image.png; path = ScreenShot.png; sourceTree = "<group>"; };
/* End PBXFileReference section */

/* Begin PBXFrameworksBuildPhase section */
		C031434A203A2D9500FF7400 /* Frameworks */ = {
			isa = PBXFrameworksBuildPhase;
			buildActionMask = 2147483647;
			files = (
				C031434F203A2D9500FF7400 /* NotificationCenter.framework in Frameworks */,
			);
			runOnlyForDeploymentPostprocessing = 0;
		};
		C0747ED02026B01A000C69E3 /* Frameworks */ = {
			isa = PBXFrameworksBuildPhase;
			buildActionMask = 2147483647;
			files = (
				C0747EEC202781FA000C69E3 /* HealthKit.framework in Frameworks */,
			);
			runOnlyForDeploymentPostprocessing = 0;
		};
/* End PBXFrameworksBuildPhase section */

/* Begin PBXGroup section */
		C0314350203A2D9500FF7400 /* InhalerTrackerExtension */ = {
			isa = PBXGroup;
			children = (
				C053AA9F204070DE00BF7482 /* failure.png */,
				C053AAA0204070DE00BF7482 /* success.png */,
				C0314351203A2D9500FF7400 /* TodayViewController.swift */,
				C0314353203A2D9500FF7400 /* MainInterface.storyboard */,
				C0314356203A2D9500FF7400 /* Info.plist */,
				C069FA19203D1A490057F447 /* HealthKitSetupAssistant.swift */,
			);
			path = InhalerTrackerExtension;
			sourceTree = "<group>";
		};
		C0747ECA2026B01A000C69E3 = {
			isa = PBXGroup;
			children = (
				C0BFBA892027BC3700CD8E42 /* README.md */,
				C0BFBA8A2027C14800CD8E42 /* ScreenShot.png */,
				C0747ED52026B01A000C69E3 /* InhalerTracker */,
				C0314350203A2D9500FF7400 /* InhalerTrackerExtension */,
				C0747ED42026B01A000C69E3 /* Products */,
				C0747EEA202781FA000C69E3 /* Frameworks */,
			);
			sourceTree = "<group>";
		};
		C0747ED42026B01A000C69E3 /* Products */ = {
			isa = PBXGroup;
			children = (
				C0747ED32026B01A000C69E3 /* Inhaler Tracker.app */,
				C031434D203A2D9500FF7400 /* InhalerTrackerExtension.appex */,
			);
			name = Products;
			sourceTree = "<group>";
		};
		C0747ED52026B01A000C69E3 /* InhalerTracker */ = {
			isa = PBXGroup;
			children = (
				C004E1B62035FCB500EF4F67 /* Info.plist */,
				C0717D5D2034F69800D79705 /* failure.png */,
				C0717D5C2034F69800D79705 /* success.png */,
				C054714920315345006C32AE /* infoVC.swift */,
				C0747EED202781FB000C69E3 /* InhalerTracker.entitlements */,
				C0747EE82026B035000C69E3 /* HealthKitSetupAssistant.swift */,
				C0747ED62026B01A000C69E3 /* AppDelegate.swift */,
				C0747ED82026B01A000C69E3 /* ViewController.swift */,
				C0747EDA2026B01A000C69E3 /* Main.storyboard */,
				C0747EDD2026B01A000C69E3 /* Assets.xcassets */,
				C0747EDF2026B01A000C69E3 /* LaunchScreen.storyboard */,
				C004E1B32035F66000EF4F67 /* Info.plist */,
			);
			path = InhalerTracker;
			sourceTree = "<group>";
		};
		C0747EEA202781FA000C69E3 /* Frameworks */ = {
			isa = PBXGroup;
			children = (
				C0747EEB202781FA000C69E3 /* HealthKit.framework */,
				C031434E203A2D9500FF7400 /* NotificationCenter.framework */,
			);
			name = Frameworks;
			sourceTree = "<group>";
		};
/* End PBXGroup section */

/* Begin PBXNativeTarget section */
		C031434C203A2D9500FF7400 /* InhalerTrackerExtension */ = {
			isa = PBXNativeTarget;
			buildConfigurationList = C031435C203A2D9500FF7400 /* Build configuration list for PBXNativeTarget "InhalerTrackerExtension" */;
			buildPhases = (
				C0314349203A2D9500FF7400 /* Sources */,
				C031434A203A2D9500FF7400 /* Frameworks */,
				C031434B203A2D9500FF7400 /* Resources */,
			);
			buildRules = (
			);
			dependencies = (
			);
			name = InhalerTrackerExtension;
			productName = InhalerTrackerExtension;
			productReference = C031434D203A2D9500FF7400 /* InhalerTrackerExtension.appex */;
			productType = "com.apple.product-type.app-extension";
		};
		C0747ED22026B01A000C69E3 /* InhalerTrackerV2 */ = {
			isa = PBXNativeTarget;
			buildConfigurationList = C0747EE52026B01A000C69E3 /* Build configuration list for PBXNativeTarget "InhalerTrackerV2" */;
			buildPhases = (
				C0747ECF2026B01A000C69E3 /* Sources */,
				C0747ED02026B01A000C69E3 /* Frameworks */,
				C0747ED12026B01A000C69E3 /* Resources */,
				C031435D203A2D9500FF7400 /* Embed App Extensions */,
			);
			buildRules = (
			);
			dependencies = (
				C0314358203A2D9500FF7400 /* PBXTargetDependency */,
			);
			name = InhalerTrackerV2;
			productName = InhalerTrackerV2;
			productReference = C0747ED32026B01A000C69E3 /* Inhaler Tracker.app */;
			productType = "com.apple.product-type.application";
		};
/* End PBXNativeTarget section */

/* Begin PBXProject section */
		C0747ECB2026B01A000C69E3 /* Project object */ = {
			isa = PBXProject;
			attributes = {
				LastSwiftUpdateCheck = 0920;
				LastUpgradeCheck = 0920;
				ORGANIZATIONNAME = "Daniel Beadle";
				TargetAttributes = {
					C031434C203A2D9500FF7400 = {
						CreatedOnToolsVersion = 9.2;
						ProvisioningStyle = Automatic;
					};
					C0747ED22026B01A000C69E3 = {
						CreatedOnToolsVersion = 9.2;
						ProvisioningStyle = Automatic;
						SystemCapabilities = {
							com.apple.HealthKit = {
								enabled = 1;
							};
						};
					};
				};
			};
			buildConfigurationList = C0747ECE2026B01A000C69E3 /* Build configuration list for PBXProject "InhalerTracker" */;
			compatibilityVersion = "Xcode 8.0";
			developmentRegion = en;
			hasScannedForEncodings = 0;
			knownRegions = (
				en,
				Base,
			);
			mainGroup = C0747ECA2026B01A000C69E3;
			productRefGroup = C0747ED42026B01A000C69E3 /* Products */;
			projectDirPath = "";
			projectRoot = "";
			targets = (
				C0747ED22026B01A000C69E3 /* InhalerTrackerV2 */,
				C031434C203A2D9500FF7400 /* InhalerTrackerExtension */,
			);
		};
/* End PBXProject section */

/* Begin PBXResourcesBuildPhase section */
		C031434B203A2D9500FF7400 /* Resources */ = {
			isa = PBXResourcesBuildPhase;
			buildActionMask = 2147483647;
			files = (
				C053AAA1204070DE00BF7482 /* failure.png in Resources */,
				C053AAA2204070DE00BF7482 /* success.png in Resources */,
				C0314355203A2D9500FF7400 /* MainInterface.storyboard in Resources */,
			);
			runOnlyForDeploymentPostprocessing = 0;
		};
		C0747ED12026B01A000C69E3 /* Resources */ = {
			isa = PBXResourcesBuildPhase;
			buildActionMask = 2147483647;
			files = (
				C0747EE12026B01A000C69E3 /* LaunchScreen.storyboard in Resources */,
				C0747EDE2026B01A000C69E3 /* Assets.xcassets in Resources */,
				C0717D5E2034F69800D79705 /* success.png in Resources */,
				C0BFBA8B2027C14800CD8E42 /* ScreenShot.png in Resources */,
				C0717D5F2034F69800D79705 /* failure.png in Resources */,
				C0747EDC2026B01A000C69E3 /* Main.storyboard in Resources */,
				C004E1B72035FCB500EF4F67 /* Info.plist in Resources */,
			);
			runOnlyForDeploymentPostprocessing = 0;
		};
/* End PBXResourcesBuildPhase section */

/* Begin PBXSourcesBuildPhase section */
		C0314349203A2D9500FF7400 /* Sources */ = {
			isa = PBXSourcesBuildPhase;
			buildActionMask = 2147483647;
			files = (
				C0314352203A2D9500FF7400 /* TodayViewController.swift in Sources */,
				C069FA1A203D1A490057F447 /* HealthKitSetupAssistant.swift in Sources */,
			);
			runOnlyForDeploymentPostprocessing = 0;
		};
		C0747ECF2026B01A000C69E3 /* Sources */ = {
			isa = PBXSourcesBuildPhase;
			buildActionMask = 2147483647;
			files = (
				C054714A20315345006C32AE /* infoVC.swift in Sources */,
				C0747ED92026B01A000C69E3 /* ViewController.swift in Sources */,
				C0747ED72026B01A000C69E3 /* AppDelegate.swift in Sources */,
				C0747EE92026B035000C69E3 /* HealthKitSetupAssistant.swift in Sources */,
			);
			runOnlyForDeploymentPostprocessing = 0;
		};
/* End PBXSourcesBuildPhase section */

/* Begin PBXTargetDependency section */
		C0314358203A2D9500FF7400 /* PBXTargetDependency */ = {
			isa = PBXTargetDependency;
			target = C031434C203A2D9500FF7400 /* InhalerTrackerExtension */;
			targetProxy = C0314357203A2D9500FF7400 /* PBXContainerItemProxy */;
		};
/* End PBXTargetDependency section */

/* Begin PBXVariantGroup section */
		C004E1B32035F66000EF4F67 /* Info.plist */ = {
			isa = PBXVariantGroup;
			children = (
				C004E1B22035F66000EF4F67 /* Base */,
			);
			name = Info.plist;
			sourceTree = "<group>";
		};
		C0314353203A2D9500FF7400 /* MainInterface.storyboard */ = {
			isa = PBXVariantGroup;
			children = (
				C0314354203A2D9500FF7400 /* Base */,
			);
			name = MainInterface.storyboard;
			sourceTree = "<group>";
		};
		C0747EDA2026B01A000C69E3 /* Main.storyboard */ = {
			isa = PBXVariantGroup;
			children = (
				C0747EDB2026B01A000C69E3 /* Base */,
			);
			name = Main.storyboard;
			sourceTree = "<group>";
		};
		C0747EDF2026B01A000C69E3 /* LaunchScreen.storyboard */ = {
			isa = PBXVariantGroup;
			children = (
				C0747EE02026B01A000C69E3 /* Base */,
			);
			name = LaunchScreen.storyboard;
			sourceTree = "<group>";
		};
/* End PBXVariantGroup section */

/* Begin XCBuildConfiguration section */
		C031435A203A2D9500FF7400 /* Debug */ = {
			isa = XCBuildConfiguration;
			buildSettings = {
				CODE_SIGN_STYLE = Automatic;
				DEVELOPMENT_TEAM = P9YE363FNG;
				INFOPLIST_FILE = InhalerTrackerExtension/Info.plist;
				LD_RUNPATH_SEARCH_PATHS = "$(inherited) @executable_path/Frameworks @executable_path/../../Frameworks";
				PRODUCT_BUNDLE_IDENTIFIER = net.danielbeadle.InhalerTracker.InhalerTrackerExtension;
				PRODUCT_NAME = "$(TARGET_NAME)";
				SKIP_INSTALL = YES;
				SWIFT_VERSION = 4.0;
				TARGETED_DEVICE_FAMILY = "1,2";
			};
			name = Debug;
		};
		C031435B203A2D9500FF7400 /* Release */ = {
			isa = XCBuildConfiguration;
			buildSettings = {
				CODE_SIGN_STYLE = Automatic;
				DEVELOPMENT_TEAM = P9YE363FNG;
				INFOPLIST_FILE = InhalerTrackerExtension/Info.plist;
				LD_RUNPATH_SEARCH_PATHS = "$(inherited) @executable_path/Frameworks @executable_path/../../Frameworks";
				PRODUCT_BUNDLE_IDENTIFIER = net.danielbeadle.InhalerTracker.InhalerTrackerExtension;
				PRODUCT_NAME = "$(TARGET_NAME)";
				SKIP_INSTALL = YES;
				SWIFT_VERSION = 4.0;
				TARGETED_DEVICE_FAMILY = "1,2";
			};
			name = Release;
		};
		C0747EE32026B01A000C69E3 /* Debug */ = {
			isa = XCBuildConfiguration;
			buildSettings = {
				ALWAYS_SEARCH_USER_PATHS = NO;
				CLANG_ANALYZER_NONNULL = YES;
				CLANG_ANALYZER_NUMBER_OBJECT_CONVERSION = YES_AGGRESSIVE;
				CLANG_CXX_LANGUAGE_STANDARD = "gnu++14";
				CLANG_CXX_LIBRARY = "libc++";
				CLANG_ENABLE_MODULES = YES;
				CLANG_ENABLE_OBJC_ARC = YES;
				CLANG_WARN_BLOCK_CAPTURE_AUTORELEASING = YES;
				CLANG_WARN_BOOL_CONVERSION = YES;
				CLANG_WARN_COMMA = YES;
				CLANG_WARN_CONSTANT_CONVERSION = YES;
				CLANG_WARN_DIRECT_OBJC_ISA_USAGE = YES_ERROR;
				CLANG_WARN_DOCUMENTATION_COMMENTS = YES;
				CLANG_WARN_EMPTY_BODY = YES;
				CLANG_WARN_ENUM_CONVERSION = YES;
				CLANG_WARN_INFINITE_RECURSION = YES;
				CLANG_WARN_INT_CONVERSION = YES;
				CLANG_WARN_NON_LITERAL_NULL_CONVERSION = YES;
				CLANG_WARN_OBJC_LITERAL_CONVERSION = YES;
				CLANG_WARN_OBJC_ROOT_CLASS = YES_ERROR;
				CLANG_WARN_RANGE_LOOP_ANALYSIS = YES;
				CLANG_WARN_STRICT_PROTOTYPES = YES;
				CLANG_WARN_SUSPICIOUS_MOVE = YES;
				CLANG_WARN_UNGUARDED_AVAILABILITY = YES_AGGRESSIVE;
				CLANG_WARN_UNREACHABLE_CODE = YES;
				CLANG_WARN__DUPLICATE_METHOD_MATCH = YES;
				CODE_SIGN_IDENTITY = "iPhone Developer";
				COPY_PHASE_STRIP = NO;
				DEBUG_INFORMATION_FORMAT = dwarf;
				ENABLE_STRICT_OBJC_MSGSEND = YES;
				ENABLE_TESTABILITY = YES;
				GCC_C_LANGUAGE_STANDARD = gnu11;
				GCC_DYNAMIC_NO_PIC = NO;
				GCC_NO_COMMON_BLOCKS = YES;
				GCC_OPTIMIZATION_LEVEL = 0;
				GCC_PREPROCESSOR_DEFINITIONS = (
					"DEBUG=1",
					"$(inherited)",
				);
				GCC_WARN_64_TO_32_BIT_CONVERSION = YES;
				GCC_WARN_ABOUT_RETURN_TYPE = YES_ERROR;
				GCC_WARN_UNDECLARED_SELECTOR = YES;
				GCC_WARN_UNINITIALIZED_AUTOS = YES_AGGRESSIVE;
				GCC_WARN_UNUSED_FUNCTION = YES;
				GCC_WARN_UNUSED_VARIABLE = YES;
				IPHONEOS_DEPLOYMENT_TARGET = 11.2;
				MTL_ENABLE_DEBUG_INFO = YES;
				ONLY_ACTIVE_ARCH = YES;
				SDKROOT = iphoneos;
				SWIFT_ACTIVE_COMPILATION_CONDITIONS = DEBUG;
				SWIFT_OPTIMIZATION_LEVEL = "-Onone";
			};
			name = Debug;
		};
		C0747EE42026B01A000C69E3 /* Release */ = {
			isa = XCBuildConfiguration;
			buildSettings = {
				ALWAYS_SEARCH_USER_PATHS = NO;
				CLANG_ANALYZER_NONNULL = YES;
				CLANG_ANALYZER_NUMBER_OBJECT_CONVERSION = YES_AGGRESSIVE;
				CLANG_CXX_LANGUAGE_STANDARD = "gnu++14";
				CLANG_CXX_LIBRARY = "libc++";
				CLANG_ENABLE_MODULES = YES;
				CLANG_ENABLE_OBJC_ARC = YES;
				CLANG_WARN_BLOCK_CAPTURE_AUTORELEASING = YES;
				CLANG_WARN_BOOL_CONVERSION = YES;
				CLANG_WARN_COMMA = YES;
				CLANG_WARN_CONSTANT_CONVERSION = YES;
				CLANG_WARN_DIRECT_OBJC_ISA_USAGE = YES_ERROR;
				CLANG_WARN_DOCUMENTATION_COMMENTS = YES;
				CLANG_WARN_EMPTY_BODY = YES;
				CLANG_WARN_ENUM_CONVERSION = YES;
				CLANG_WARN_INFINITE_RECURSION = YES;
				CLANG_WARN_INT_CONVERSION = YES;
				CLANG_WARN_NON_LITERAL_NULL_CONVERSION = YES;
				CLANG_WARN_OBJC_LITERAL_CONVERSION = YES;
				CLANG_WARN_OBJC_ROOT_CLASS = YES_ERROR;
				CLANG_WARN_RANGE_LOOP_ANALYSIS = YES;
				CLANG_WARN_STRICT_PROTOTYPES = YES;
				CLANG_WARN_SUSPICIOUS_MOVE = YES;
				CLANG_WARN_UNGUARDED_AVAILABILITY = YES_AGGRESSIVE;
				CLANG_WARN_UNREACHABLE_CODE = YES;
				CLANG_WARN__DUPLICATE_METHOD_MATCH = YES;
				CODE_SIGN_IDENTITY = "iPhone Developer";
				COPY_PHASE_STRIP = NO;
				DEBUG_INFORMATION_FORMAT = "dwarf-with-dsym";
				ENABLE_NS_ASSERTIONS = NO;
				ENABLE_STRICT_OBJC_MSGSEND = YES;
				GCC_C_LANGUAGE_STANDARD = gnu11;
				GCC_NO_COMMON_BLOCKS = YES;
				GCC_WARN_64_TO_32_BIT_CONVERSION = YES;
				GCC_WARN_ABOUT_RETURN_TYPE = YES_ERROR;
				GCC_WARN_UNDECLARED_SELECTOR = YES;
				GCC_WARN_UNINITIALIZED_AUTOS = YES_AGGRESSIVE;
				GCC_WARN_UNUSED_FUNCTION = YES;
				GCC_WARN_UNUSED_VARIABLE = YES;
				IPHONEOS_DEPLOYMENT_TARGET = 11.2;
				MTL_ENABLE_DEBUG_INFO = NO;
				SDKROOT = iphoneos;
				SWIFT_OPTIMIZATION_LEVEL = "-Owholemodule";
				VALIDATE_PRODUCT = YES;
			};
			name = Release;
		};
		C0747EE62026B01A000C69E3 /* Debug */ = {
			isa = XCBuildConfiguration;
			buildSettings = {
				ALWAYS_EMBED_SWIFT_STANDARD_LIBRARIES = YES;
				ASSETCATALOG_COMPILER_APPICON_NAME = AppIcon;
				ASSETCATALOG_COMPILER_LAUNCHIMAGE_NAME = LaunchImage;
				CODE_SIGN_ENTITLEMENTS = InhalerTracker/InhalerTracker.entitlements;
				CODE_SIGN_STYLE = Automatic;
				DEVELOPMENT_TEAM = P9YE363FNG;
				INFOPLIST_FILE = "$(SRCROOT)/InhalerTracker/Info.plist";
				IPHONEOS_DEPLOYMENT_TARGET = 9.0;
				LD_RUNPATH_SEARCH_PATHS = "$(inherited) @executable_path/Frameworks";
				PRODUCT_BUNDLE_IDENTIFIER = net.danielbeadle.InhalerTracker;
				PRODUCT_NAME = "Inhaler Tracker";
				SWIFT_VERSION = 4.0;
				TARGETED_DEVICE_FAMILY = 1;
			};
			name = Debug;
		};
		C0747EE72026B01A000C69E3 /* Release */ = {
			isa = XCBuildConfiguration;
			buildSettings = {
				ALWAYS_EMBED_SWIFT_STANDARD_LIBRARIES = YES;
				ASSETCATALOG_COMPILER_APPICON_NAME = AppIcon;
				ASSETCATALOG_COMPILER_LAUNCHIMAGE_NAME = LaunchImage;
				CODE_SIGN_ENTITLEMENTS = InhalerTracker/InhalerTracker.entitlements;
				CODE_SIGN_STYLE = Automatic;
				DEVELOPMENT_TEAM = P9YE363FNG;
				INFOPLIST_FILE = "$(SRCROOT)/InhalerTracker/Info.plist";
				IPHONEOS_DEPLOYMENT_TARGET = 9.0;
				LD_RUNPATH_SEARCH_PATHS = "$(inherited) @executable_path/Frameworks";
				PRODUCT_BUNDLE_IDENTIFIER = net.danielbeadle.InhalerTracker;
				PRODUCT_NAME = "Inhaler Tracker";
				SWIFT_VERSION = 4.0;
				TARGETED_DEVICE_FAMILY = 1;
			};
			name = Release;
		};
/* End XCBuildConfiguration section */

/* Begin XCConfigurationList section */
		C031435C203A2D9500FF7400 /* Build configuration list for PBXNativeTarget "InhalerTrackerExtension" */ = {
			isa = XCConfigurationList;
			buildConfigurations = (
				C031435A203A2D9500FF7400 /* Debug */,
				C031435B203A2D9500FF7400 /* Release */,
			);
			defaultConfigurationIsVisible = 0;
			defaultConfigurationName = Release;
		};
		C0747ECE2026B01A000C69E3 /* Build configuration list for PBXProject "InhalerTracker" */ = {
			isa = XCConfigurationList;
			buildConfigurations = (
				C0747EE32026B01A000C69E3 /* Debug */,
				C0747EE42026B01A000C69E3 /* Release */,
			);
			defaultConfigurationIsVisible = 0;
			defaultConfigurationName = Release;
		};
		C0747EE52026B01A000C69E3 /* Build configuration list for PBXNativeTarget "InhalerTrackerV2" */ = {
			isa = XCConfigurationList;
			buildConfigurations = (
				C0747EE62026B01A000C69E3 /* Debug */,
				C0747EE72026B01A000C69E3 /* Release */,
			);
			defaultConfigurationIsVisible = 0;
			defaultConfigurationName = Release;
		};
/* End XCConfigurationList section */
	};
	rootObject = C0747ECB2026B01A000C69E3 /* Project object */;
}
